# THIS IS AN AUTOGENERATED FILE. DO NOT EDIT THIS FILE DIRECTLY.
# yarn lockfile v1


git.wasm@^1.0.0:
  version "1.0.0"
  resolved "https://registry.yarnpkg.com/git.wasm/-/git.wasm-1.0.0.tgz#96712130a7f8f8224190826d4c680d8036338fa5"
  integrity sha512-Ci+Mvy56wV1i4EYwfb3HiHqs6ahhCZmTyKOwddiuSDnD9f7rrGRvopOFDZPqRGS453oX6Lkn94IZIpSBsNeskw==
